
Microsoft Visual Studio Solution File, Format Version 12.00
# Visual Studio Version 17
VisualStudioVersion = 17.0.31903.59
MinimumVisualStudioVersion = 10.0.40219.1
Project("{FAE04EC0-301F-11D3-BF4B-00C04F79EFBC}") = "Excelerate", "API\Excelerate\Excelerate.csproj", "{649F1D1D-E6E9-4164-B152-585FC7ABA01D}"
EndProject
Project("{2150E333-8FDC-42A3-9474-1A3956D46DE8}") = "Core", "Core", "{330CD6BE-50D2-423C-B7E9-685DF7B8289D}"
EndProject
Project("{FAE04EC0-301F-11D3-BF4B-00C04F79EFBC}") = "Excelerate.Domain", "Core\Excelerate.Domain\Excelerate.Domain.csproj", "{D66B6BBB-24FD-48F1-8A0B-9CCEF36364BE}"
EndProject
Project("{FAE04EC0-301F-11D3-BF4B-00C04F79EFBC}") = "Excelerate.Application", "Core\Excelerate.Application\Excelerate.Application.csproj", "{318515B2-74B4-479D-A49A-747E7A19FE73}"
EndProject
Global
	GlobalSection(SolutionConfigurationPlatforms) = preSolution
		Debug|Any CPU = Debug|Any CPU
		Release|Any CPU = Release|Any CPU
	EndGlobalSection
	GlobalSection(SolutionProperties) = preSolution
		HideSolutionNode = FALSE
	EndGlobalSection
	GlobalSection(ProjectConfigurationPlatforms) = postSolution
		{649F1D1D-E6E9-4164-B152-585FC7ABA01D}.Debug|Any CPU.ActiveCfg = Debug|Any CPU
		{649F1D1D-E6E9-4164-B152-585FC7ABA01D}.Debug|Any CPU.Build.0 = Debug|Any CPU
		{649F1D1D-E6E9-4164-B152-585FC7ABA01D}.Release|Any CPU.ActiveCfg = Release|Any CPU
		{649F1D1D-E6E9-4164-B152-585FC7ABA01D}.Release|Any CPU.Build.0 = Release|Any CPU
		{D66B6BBB-24FD-48F1-8A0B-9CCEF36364BE}.Debug|Any CPU.ActiveCfg = Debug|Any CPU
		{D66B6BBB-24FD-48F1-8A0B-9CCEF36364BE}.Debug|Any CPU.Build.0 = Debug|Any CPU
		{D66B6BBB-24FD-48F1-8A0B-9CCEF36364BE}.Release|Any CPU.ActiveCfg = Release|Any CPU
		{D66B6BBB-24FD-48F1-8A0B-9CCEF36364BE}.Release|Any CPU.Build.0 = Release|Any CPU
		{318515B2-74B4-479D-A49A-747E7A19FE73}.Debug|Any CPU.ActiveCfg = Debug|Any CPU
		{318515B2-74B4-479D-A49A-747E7A19FE73}.Debug|Any CPU.Build.0 = Debug|Any CPU
		{318515B2-74B4-479D-A49A-747E7A19FE73}.Release|Any CPU.ActiveCfg = Release|Any CPU
		{318515B2-74B4-479D-A49A-747E7A19FE73}.Release|Any CPU.Build.0 = Release|Any CPU
	EndGlobalSection
	GlobalSection(NestedProjects) = preSolution
		{D66B6BBB-24FD-48F1-8A0B-9CCEF36364BE} = {330CD6BE-50D2-423C-B7E9-685DF7B8289D}
		{318515B2-74B4-479D-A49A-747E7A19FE73} = {330CD6BE-50D2-423C-B7E9-685DF7B8289D}
	EndGlobalSection
EndGlobal
